// !$*UTF8*$!
{
	archiveVersion = 1;
	classes = {
	};
	objectVersion = 51;
	objects = {

/* Begin PBXBuildFile section */
		5B5D08A326D49950005C7349 /* APIKeys.swift in Sources */ = {isa = PBXBuildFile; fileRef = 5B5D08A226D49950005C7349 /* APIKeys.swift */; };
		5B5D08A726D499FD005C7349 /* APIModels.swift in Sources */ = {isa = PBXBuildFile; fileRef = 5B5D08A626D499FD005C7349 /* APIModels.swift */; };
		5B5D08AA26D50D50005C7349 /* CategoryCollectionViewCell.swift in Sources */ = {isa = PBXBuildFile; fileRef = 5B5D08A926D50D50005C7349 /* CategoryCollectionViewCell.swift */; };
		5B5FB15B26D0C7B7005A9805 /* MealsCollectionViewCell.swift in Sources */ = {isa = PBXBuildFile; fileRef = 5B5FB15A26D0C7B7005A9805 /* MealsCollectionViewCell.swift */; };
		5B5FB15D26D140E4005A9805 /* Protocol.swift in Sources */ = {isa = PBXBuildFile; fileRef = 5B5FB15C26D140E4005A9805 /* Protocol.swift */; };
		5B6D913326CCDD8E00963712 /* GoogleService-Info.plist in Resources */ = {isa = PBXBuildFile; fileRef = 5B6D913226CCDD8E00963712 /* GoogleService-Info.plist */; };
		5B6D913526CD029600963712 /* RegisterMapViewController.swift in Sources */ = {isa = PBXBuildFile; fileRef = 5B6D913426CD029600963712 /* RegisterMapViewController.swift */; };
		5B86E09026D69FEE00D1E4B8 /* DetailsViewController.swift in Sources */ = {isa = PBXBuildFile; fileRef = 5B86E08F26D69FEE00D1E4B8 /* DetailsViewController.swift */; };
		5B86E09226D6A02700D1E4B8 /* AllCategorieViewController.swift in Sources */ = {isa = PBXBuildFile; fileRef = 5B86E09126D6A02700D1E4B8 /* AllCategorieViewController.swift */; };
		5B89BCB126D3664200EC0084 /* TabBarViewController.swift in Sources */ = {isa = PBXBuildFile; fileRef = 5B89BCB026D3664200EC0084 /* TabBarViewController.swift */; };
		5BAAB8C926D63A9600DA796D /* ChatsViewController.swift in Sources */ = {isa = PBXBuildFile; fileRef = 5BAAB8C826D63A9600DA796D /* ChatsViewController.swift */; };
		5BAAB8CB26D63AA500DA796D /* SettingsViewController.swift in Sources */ = {isa = PBXBuildFile; fileRef = 5BAAB8CA26D63AA500DA796D /* SettingsViewController.swift */; };
		5BAAB8CE26D6478100DA796D /* MapsViewController.swift in Sources */ = {isa = PBXBuildFile; fileRef = 5BAAB8CD26D6478100DA796D /* MapsViewController.swift */; };
		5BC65B8726CB8FC000EB75FA /* AppDelegate.swift in Sources */ = {isa = PBXBuildFile; fileRef = 5BC65B8626CB8FC000EB75FA /* AppDelegate.swift */; };
		5BC65B8926CB8FC000EB75FA /* SceneDelegate.swift in Sources */ = {isa = PBXBuildFile; fileRef = 5BC65B8826CB8FC000EB75FA /* SceneDelegate.swift */; };
		5BC65B8B26CB8FC000EB75FA /* MainViewController.swift in Sources */ = {isa = PBXBuildFile; fileRef = 5BC65B8A26CB8FC000EB75FA /* MainViewController.swift */; };
		5BC65B8E26CB8FC000EB75FA /* Main.storyboard in Resources */ = {isa = PBXBuildFile; fileRef = 5BC65B8C26CB8FC000EB75FA /* Main.storyboard */; };
		5BC65B9026CB8FC100EB75FA /* Assets.xcassets in Resources */ = {isa = PBXBuildFile; fileRef = 5BC65B8F26CB8FC100EB75FA /* Assets.xcassets */; };
		5BC65B9326CB8FC100EB75FA /* LaunchScreen.storyboard in Resources */ = {isa = PBXBuildFile; fileRef = 5BC65B9126CB8FC100EB75FA /* LaunchScreen.storyboard */; };
		5BC65B9E26CB932900EB75FA /* RegisterViewController.swift in Sources */ = {isa = PBXBuildFile; fileRef = 5BC65B9D26CB932900EB75FA /* RegisterViewController.swift */; };
		5BC65BA026CB933A00EB75FA /* LoginViewController.swift in Sources */ = {isa = PBXBuildFile; fileRef = 5BC65B9F26CB933A00EB75FA /* LoginViewController.swift */; };
		5BC65BA226CB936C00EB75FA /* HomeViewController.swift in Sources */ = {isa = PBXBuildFile; fileRef = 5BC65BA126CB936C00EB75FA /* HomeViewController.swift */; };
		5BC65BA626CB9C0000EB75FA /* Constants.swift in Sources */ = {isa = PBXBuildFile; fileRef = 5BC65BA426CB9C0000EB75FA /* Constants.swift */; };
		5BC65BA726CB9C0000EB75FA /* Utilities.swift in Sources */ = {isa = PBXBuildFile; fileRef = 5BC65BA526CB9C0000EB75FA /* Utilities.swift */; };
		C1530FE1E41C17E6855891F7 /* Pods_ChatApplication.framework in Frameworks */ = {isa = PBXBuildFile; fileRef = FA1124E8EEE23B87BB37EFC3 /* Pods_ChatApplication.framework */; };
/* End PBXBuildFile section */

/* Begin PBXFileReference section */
		5B5D08A226D49950005C7349 /* APIKeys.swift */ = {isa = PBXFileReference; lastKnownFileType = sourcecode.swift; path = APIKeys.swift; sourceTree = "<group>"; };
		5B5D08A626D499FD005C7349 /* APIModels.swift */ = {isa = PBXFileReference; lastKnownFileType = sourcecode.swift; path = APIModels.swift; sourceTree = "<group>"; };
		5B5D08A926D50D50005C7349 /* CategoryCollectionViewCell.swift */ = {isa = PBXFileReference; lastKnownFileType = sourcecode.swift; path = CategoryCollectionViewCell.swift; sourceTree = "<group>"; };
		5B5FB15A26D0C7B7005A9805 /* MealsCollectionViewCell.swift */ = {isa = PBXFileReference; lastKnownFileType = sourcecode.swift; path = MealsCollectionViewCell.swift; sourceTree = "<group>"; };
		5B5FB15C26D140E4005A9805 /* Protocol.swift */ = {isa = PBXFileReference; lastKnownFileType = sourcecode.swift; path = Protocol.swift; sourceTree = "<group>"; };
		5B6D913226CCDD8E00963712 /* GoogleService-Info.plist */ = {isa = PBXFileReference; fileEncoding = 4; lastKnownFileType = text.plist.xml; path = "GoogleService-Info.plist"; sourceTree = "<group>"; };
		5B6D913426CD029600963712 /* RegisterMapViewController.swift */ = {isa = PBXFileReference; lastKnownFileType = sourcecode.swift; path = RegisterMapViewController.swift; sourceTree = "<group>"; };
		5B86E08F26D69FEE00D1E4B8 /* DetailsViewController.swift */ = {isa = PBXFileReference; lastKnownFileType = sourcecode.swift; path = DetailsViewController.swift; sourceTree = "<group>"; };
		5B86E09126D6A02700D1E4B8 /* AllCategorieViewController.swift */ = {isa = PBXFileReference; lastKnownFileType = sourcecode.swift; path = AllCategorieViewController.swift; sourceTree = "<group>"; };
		5B89BCB026D3664200EC0084 /* TabBarViewController.swift */ = {isa = PBXFileReference; lastKnownFileType = sourcecode.swift; path = TabBarViewController.swift; sourceTree = "<group>"; };
		5BAAB8C826D63A9600DA796D /* ChatsViewController.swift */ = {isa = PBXFileReference; lastKnownFileType = sourcecode.swift; path = ChatsViewController.swift; sourceTree = "<group>"; };
		5BAAB8CA26D63AA500DA796D /* SettingsViewController.swift */ = {isa = PBXFileReference; lastKnownFileType = sourcecode.swift; path = SettingsViewController.swift; sourceTree = "<group>"; };
		5BAAB8CD26D6478100DA796D /* MapsViewController.swift */ = {isa = PBXFileReference; lastKnownFileType = sourcecode.swift; path = MapsViewController.swift; sourceTree = "<group>"; };
		5BC65B8326CB8FC000EB75FA /* ChatApplication.app */ = {isa = PBXFileReference; explicitFileType = wrapper.application; includeInIndex = 0; path = ChatApplication.app; sourceTree = BUILT_PRODUCTS_DIR; };
		5BC65B8626CB8FC000EB75FA /* AppDelegate.swift */ = {isa = PBXFileReference; lastKnownFileType = sourcecode.swift; path = AppDelegate.swift; sourceTree = "<group>"; };
		5BC65B8826CB8FC000EB75FA /* SceneDelegate.swift */ = {isa = PBXFileReference; lastKnownFileType = sourcecode.swift; path = SceneDelegate.swift; sourceTree = "<group>"; };
		5BC65B8A26CB8FC000EB75FA /* MainViewController.swift */ = {isa = PBXFileReference; lastKnownFileType = sourcecode.swift; path = MainViewController.swift; sourceTree = "<group>"; };
		5BC65B8D26CB8FC000EB75FA /* Base */ = {isa = PBXFileReference; lastKnownFileType = file.storyboard; name = Base; path = Base.lproj/Main.storyboard; sourceTree = "<group>"; };
		5BC65B8F26CB8FC100EB75FA /* Assets.xcassets */ = {isa = PBXFileReference; lastKnownFileType = folder.assetcatalog; path = Assets.xcassets; sourceTree = "<group>"; };
		5BC65B9226CB8FC100EB75FA /* Base */ = {isa = PBXFileReference; lastKnownFileType = file.storyboard; name = Base; path = Base.lproj/LaunchScreen.storyboard; sourceTree = "<group>"; };
		5BC65B9426CB8FC100EB75FA /* Info.plist */ = {isa = PBXFileReference; lastKnownFileType = text.plist.xml; path = Info.plist; sourceTree = "<group>"; };
		5BC65B9D26CB932900EB75FA /* RegisterViewController.swift */ = {isa = PBXFileReference; lastKnownFileType = sourcecode.swift; path = RegisterViewController.swift; sourceTree = "<group>"; };
		5BC65B9F26CB933A00EB75FA /* LoginViewController.swift */ = {isa = PBXFileReference; lastKnownFileType = sourcecode.swift; path = LoginViewController.swift; sourceTree = "<group>"; };
		5BC65BA126CB936C00EB75FA /* HomeViewController.swift */ = {isa = PBXFileReference; lastKnownFileType = sourcecode.swift; path = HomeViewController.swift; sourceTree = "<group>"; };
		5BC65BA426CB9C0000EB75FA /* Constants.swift */ = {isa = PBXFileReference; fileEncoding = 4; lastKnownFileType = sourcecode.swift; path = Constants.swift; sourceTree = "<group>"; };
		5BC65BA526CB9C0000EB75FA /* Utilities.swift */ = {isa = PBXFileReference; fileEncoding = 4; lastKnownFileType = sourcecode.swift; path = Utilities.swift; sourceTree = "<group>"; };
		6513182A1B0D2FAD2DD32576 /* Pods-ChatApplication.debug.xcconfig */ = {isa = PBXFileReference; includeInIndex = 1; lastKnownFileType = text.xcconfig; name = "Pods-ChatApplication.debug.xcconfig"; path = "Target Support Files/Pods-ChatApplication/Pods-ChatApplication.debug.xcconfig"; sourceTree = "<group>"; };
		E0946661C89152A4242CDA6A /* Pods-ChatApplication.release.xcconfig */ = {isa = PBXFileReference; includeInIndex = 1; lastKnownFileType = text.xcconfig; name = "Pods-ChatApplication.release.xcconfig"; path = "Target Support Files/Pods-ChatApplication/Pods-ChatApplication.release.xcconfig"; sourceTree = "<group>"; };
		FA1124E8EEE23B87BB37EFC3 /* Pods_ChatApplication.framework */ = {isa = PBXFileReference; explicitFileType = wrapper.framework; includeInIndex = 0; path = Pods_ChatApplication.framework; sourceTree = BUILT_PRODUCTS_DIR; };
/* End PBXFileReference section */

/* Begin PBXFrameworksBuildPhase section */
		5BC65B8026CB8FC000EB75FA /* Frameworks */ = {
			isa = PBXFrameworksBuildPhase;
			buildActionMask = 2147483647;
			files = (
				C1530FE1E41C17E6855891F7 /* Pods_ChatApplication.framework in Frameworks */,
			);
			runOnlyForDeploymentPostprocessing = 0;
		};
/* End PBXFrameworksBuildPhase section */

/* Begin PBXGroup section */
		5B5D08A826D4C585005C7349 /* TabBarViewController */ = {
			isa = PBXGroup;
			children = (
				5B89BCB026D3664200EC0084 /* TabBarViewController.swift */,
			);
			path = TabBarViewController;
			sourceTree = "<group>";
		};
		5B5FB15E26D14889005A9805 /* Networking */ = {
			isa = PBXGroup;
			children = (
				5B5FB15C26D140E4005A9805 /* Protocol.swift */,
				5B5D08A226D49950005C7349 /* APIKeys.swift */,
				5B5D08A626D499FD005C7349 /* APIModels.swift */,
			);
			path = Networking;
			sourceTree = "<group>";
		};
		5BAAB8CC26D63AE500DA796D /* ViewControllers */ = {
			isa = PBXGroup;
			children = (
				5BC65B8A26CB8FC000EB75FA /* MainViewController.swift */,
				5BC65B9F26CB933A00EB75FA /* LoginViewController.swift */,
				5BAAB8CF26D64A7500DA796D /* Regiter */,
				5BC65BA126CB936C00EB75FA /* HomeViewController.swift */,
				5B86E08F26D69FEE00D1E4B8 /* DetailsViewController.swift */,
				5B86E09126D6A02700D1E4B8 /* AllCategorieViewController.swift */,
				5BAAB8C826D63A9600DA796D /* ChatsViewController.swift */,
				5BAAB8CD26D6478100DA796D /* MapsViewController.swift */,
				5BAAB8CA26D63AA500DA796D /* SettingsViewController.swift */,
				5BC65B9C26CB92FF00EB75FA /* Cells */,
			);
			path = ViewControllers;
			sourceTree = "<group>";
		};
		5BAAB8CF26D64A7500DA796D /* Regiter */ = {
			isa = PBXGroup;
			children = (
				5BC65B9D26CB932900EB75FA /* RegisterViewController.swift */,
				5B6D913426CD029600963712 /* RegisterMapViewController.swift */,
			);
			path = Regiter;
			sourceTree = "<group>";
		};
		5BC65B7A26CB8FC000EB75FA = {
			isa = PBXGroup;
			children = (
				5BC65B8526CB8FC000EB75FA /* ChatApplication */,
				5BC65B8426CB8FC000EB75FA /* Products */,
				5F0BAD072C4DC431FA1121E4 /* Pods */,
				96F1BB3031EB7C2454977524 /* Frameworks */,
			);
			sourceTree = "<group>";
		};
		5BC65B8426CB8FC000EB75FA /* Products */ = {
			isa = PBXGroup;
			children = (
				5BC65B8326CB8FC000EB75FA /* ChatApplication.app */,
			);
			name = Products;
			sourceTree = "<group>";
		};
		5BC65B8526CB8FC000EB75FA /* ChatApplication */ = {
			isa = PBXGroup;
			children = (
				5BC65B8626CB8FC000EB75FA /* AppDelegate.swift */,
				5BC65B8826CB8FC000EB75FA /* SceneDelegate.swift */,
				5BC65B8C26CB8FC000EB75FA /* Main.storyboard */,
				5BC65BA326CB9C0000EB75FA /* Helpers */,
				5BAAB8CC26D63AE500DA796D /* ViewControllers */,
				5B5D08A826D4C585005C7349 /* TabBarViewController */,
				5B5FB15E26D14889005A9805 /* Networking */,
				5BC65B9126CB8FC100EB75FA /* LaunchScreen.storyboard */,
				5BC65B8F26CB8FC100EB75FA /* Assets.xcassets */,
				5BC65B9426CB8FC100EB75FA /* Info.plist */,
				5B6D913226CCDD8E00963712 /* GoogleService-Info.plist */,
			);
			path = ChatApplication;
			sourceTree = "<group>";
		};
		5BC65B9C26CB92FF00EB75FA /* Cells */ = {
			isa = PBXGroup;
			children = (
				5B5FB15A26D0C7B7005A9805 /* MealsCollectionViewCell.swift */,
				5B5D08A926D50D50005C7349 /* CategoryCollectionViewCell.swift */,
			);
			path = Cells;
			sourceTree = "<group>";
		};
		5BC65BA326CB9C0000EB75FA /* Helpers */ = {
			isa = PBXGroup;
			children = (
				5BC65BA426CB9C0000EB75FA /* Constants.swift */,
				5BC65BA526CB9C0000EB75FA /* Utilities.swift */,
			);
			path = Helpers;
			sourceTree = "<group>";
		};
		5F0BAD072C4DC431FA1121E4 /* Pods */ = {
			isa = PBXGroup;
			children = (
				6513182A1B0D2FAD2DD32576 /* Pods-ChatApplication.debug.xcconfig */,
				E0946661C89152A4242CDA6A /* Pods-ChatApplication.release.xcconfig */,
			);
			path = Pods;
			sourceTree = "<group>";
		};
		96F1BB3031EB7C2454977524 /* Frameworks */ = {
			isa = PBXGroup;
			children = (
				FA1124E8EEE23B87BB37EFC3 /* Pods_ChatApplication.framework */,
			);
			name = Frameworks;
			sourceTree = "<group>";
		};
/* End PBXGroup section */

/* Begin PBXNativeTarget section */
		5BC65B8226CB8FC000EB75FA /* ChatApplication */ = {
			isa = PBXNativeTarget;
			buildConfigurationList = 5BC65B9726CB8FC100EB75FA /* Build configuration list for PBXNativeTarget "ChatApplication" */;
			buildPhases = (
				9333B0539A34A18A24450464 /* [CP] Check Pods Manifest.lock */,
				5BC65B7F26CB8FC000EB75FA /* Sources */,
				5BC65B8026CB8FC000EB75FA /* Frameworks */,
				5BC65B8126CB8FC000EB75FA /* Resources */,
				696A111A2B5992D288EB9D4D /* [CP] Embed Pods Frameworks */,
			);
			buildRules = (
			);
			dependencies = (
			);
			name = ChatApplication;
			productName = ChatApplication;
			productReference = 5BC65B8326CB8FC000EB75FA /* ChatApplication.app */;
			productType = "com.apple.product-type.application";
		};
/* End PBXNativeTarget section */

/* Begin PBXProject section */
		5BC65B7B26CB8FC000EB75FA /* Project object */ = {
			isa = PBXProject;
			attributes = {
				LastSwiftUpdateCheck = 1250;
				LastUpgradeCheck = 1250;
				TargetAttributes = {
					5BC65B8226CB8FC000EB75FA = {
						CreatedOnToolsVersion = 12.5.1;
					};
				};
			};
			buildConfigurationList = 5BC65B7E26CB8FC000EB75FA /* Build configuration list for PBXProject "ChatApplication" */;
			compatibilityVersion = "Xcode 9.3";
			developmentRegion = en;
			hasScannedForEncodings = 0;
			knownRegions = (
				en,
				Base,
			);
			mainGroup = 5BC65B7A26CB8FC000EB75FA;
			productRefGroup = 5BC65B8426CB8FC000EB75FA /* Products */;
			projectDirPath = "";
			projectRoot = "";
			targets = (
				5BC65B8226CB8FC000EB75FA /* ChatApplication */,
			);
		};
/* End PBXProject section */

/* Begin PBXResourcesBuildPhase section */
		5BC65B8126CB8FC000EB75FA /* Resources */ = {
			isa = PBXResourcesBuildPhase;
			buildActionMask = 2147483647;
			files = (
				5BC65B9326CB8FC100EB75FA /* LaunchScreen.storyboard in Resources */,
				5B6D913326CCDD8E00963712 /* GoogleService-Info.plist in Resources */,
				5BC65B9026CB8FC100EB75FA /* Assets.xcassets in Resources */,
				5BC65B8E26CB8FC000EB75FA /* Main.storyboard in Resources */,
			);
			runOnlyForDeploymentPostprocessing = 0;
		};
/* End PBXResourcesBuildPhase section */

/* Begin PBXShellScriptBuildPhase section */
		696A111A2B5992D288EB9D4D /* [CP] Embed Pods Frameworks */ = {
			isa = PBXShellScriptBuildPhase;
			buildActionMask = 2147483647;
			files = (
			);
			inputFileListPaths = (
				"${PODS_ROOT}/Target Support Files/Pods-ChatApplication/Pods-ChatApplication-frameworks-${CONFIGURATION}-input-files.xcfilelist",
			);
			name = "[CP] Embed Pods Frameworks";
			outputFileListPaths = (
				"${PODS_ROOT}/Target Support Files/Pods-ChatApplication/Pods-ChatApplication-frameworks-${CONFIGURATION}-output-files.xcfilelist",
			);
			runOnlyForDeploymentPostprocessing = 0;
			shellPath = /bin/sh;
			shellScript = "\"${PODS_ROOT}/Target Support Files/Pods-ChatApplication/Pods-ChatApplication-frameworks.sh\"\n";
			showEnvVarsInLog = 0;
		};
		9333B0539A34A18A24450464 /* [CP] Check Pods Manifest.lock */ = {
			isa = PBXShellScriptBuildPhase;
			buildActionMask = 2147483647;
			files = (
			);
			inputFileListPaths = (
			);
			inputPaths = (
				"${PODS_PODFILE_DIR_PATH}/Podfile.lock",
				"${PODS_ROOT}/Manifest.lock",
			);
			name = "[CP] Check Pods Manifest.lock";
			outputFileListPaths = (
			);
			outputPaths = (
				"$(DERIVED_FILE_DIR)/Pods-ChatApplication-checkManifestLockResult.txt",
			);
			runOnlyForDeploymentPostprocessing = 0;
			shellPath = /bin/sh;
			shellScript = "diff \"${PODS_PODFILE_DIR_PATH}/Podfile.lock\" \"${PODS_ROOT}/Manifest.lock\" > /dev/null\nif [ $? != 0 ] ; then\n    # print error to STDERR\n    echo \"error: The sandbox is not in sync with the Podfile.lock. Run 'pod install' or update your CocoaPods installation.\" >&2\n    exit 1\nfi\n# This output is used by Xcode 'outputs' to avoid re-running this script phase.\necho \"SUCCESS\" > \"${SCRIPT_OUTPUT_FILE_0}\"\n";
			showEnvVarsInLog = 0;
		};
/* End PBXShellScriptBuildPhase section */

/* Begin PBXSourcesBuildPhase section */
		5BC65B7F26CB8FC000EB75FA /* Sources */ = {
			isa = PBXSourcesBuildPhase;
			buildActionMask = 2147483647;
			files = (
				5BC65B8B26CB8FC000EB75FA /* MainViewController.swift in Sources */,
				5B5D08AA26D50D50005C7349 /* CategoryCollectionViewCell.swift in Sources */,
				5BAAB8C926D63A9600DA796D /* ChatsViewController.swift in Sources */,
				5BC65B8726CB8FC000EB75FA /* AppDelegate.swift in Sources */,
				5B5D08A326D49950005C7349 /* APIKeys.swift in Sources */,
				5BC65B8926CB8FC000EB75FA /* SceneDelegate.swift in Sources */,
				5BC65BA026CB933A00EB75FA /* LoginViewController.swift in Sources */,
				5B6D913526CD029600963712 /* RegisterMapViewController.swift in Sources */,
				5BC65BA626CB9C0000EB75FA /* Constants.swift in Sources */,
				5BAAB8CE26D6478100DA796D /* MapsViewController.swift in Sources */,
				5B89BCB126D3664200EC0084 /* TabBarViewController.swift in Sources */,
				5B5FB15D26D140E4005A9805 /* Protocol.swift in Sources */,
				5B86E09226D6A02700D1E4B8 /* AllCategorieViewController.swift in Sources */,
				5BC65B9E26CB932900EB75FA /* RegisterViewController.swift in Sources */,
				5B86E09026D69FEE00D1E4B8 /* DetailsViewController.swift in Sources */,
				5BAAB8CB26D63AA500DA796D /* SettingsViewController.swift in Sources */,
				5B5D08A726D499FD005C7349 /* APIModels.swift in Sources */,
				5B5FB15B26D0C7B7005A9805 /* MealsCollectionViewCell.swift in Sources */,
				5BC65BA726CB9C0000EB75FA /* Utilities.swift in Sources */,
				5BC65BA226CB936C00EB75FA /* HomeViewController.swift in Sources */,
			);
			runOnlyForDeploymentPostprocessing = 0;
		};
/* End PBXSourcesBuildPhase section */

/* Begin PBXVariantGroup section */
		5BC65B8C26CB8FC000EB75FA /* Main.storyboard */ = {
			isa = PBXVariantGroup;
			children = (
				5BC65B8D26CB8FC000EB75FA /* Base */,
			);
			name = Main.storyboard;
			sourceTree = "<group>";
		};
		5BC65B9126CB8FC100EB75FA /* LaunchScreen.storyboard */ = {
			isa = PBXVariantGroup;
			children = (
				5BC65B9226CB8FC100EB75FA /* Base */,
			);
			name = LaunchScreen.storyboard;
			sourceTree = "<group>";
		};
/* End PBXVariantGroup section */

/* Begin XCBuildConfiguration section */
		5BC65B9526CB8FC100EB75FA /* Debug */ = {
			isa = XCBuildConfiguration;
			buildSettings = {
				ALWAYS_SEARCH_USER_PATHS = NO;
				CLANG_ANALYZER_NONNULL = YES;
				CLANG_ANALYZER_NUMBER_OBJECT_CONVERSION = YES_AGGRESSIVE;
				CLANG_CXX_LANGUAGE_STANDARD = "gnu++14";
				CLANG_CXX_LIBRARY = "libc++";
				CLANG_ENABLE_MODULES = YES;
				CLANG_ENABLE_OBJC_ARC = YES;
				CLANG_ENABLE_OBJC_WEAK = YES;
				CLANG_WARN_BLOCK_CAPTURE_AUTORELEASING = YES;
				CLANG_WARN_BOOL_CONVERSION = YES;
				CLANG_WARN_COMMA = YES;
				CLANG_WARN_CONSTANT_CONVERSION = YES;
				CLANG_WARN_DEPRECATED_OBJC_IMPLEMENTATIONS = YES;
				CLANG_WARN_DIRECT_OBJC_ISA_USAGE = YES_ERROR;
				CLANG_WARN_DOCUMENTATION_COMMENTS = YES;
				CLANG_WARN_EMPTY_BODY = YES;
				CLANG_WARN_ENUM_CONVERSION = YES;
				CLANG_WARN_INFINITE_RECURSION = YES;
				CLANG_WARN_INT_CONVERSION = YES;
				CLANG_WARN_NON_LITERAL_NULL_CONVERSION = YES;
				CLANG_WARN_OBJC_IMPLICIT_RETAIN_SELF = YES;
				CLANG_WARN_OBJC_LITERAL_CONVERSION = YES;
				CLANG_WARN_OBJC_ROOT_CLASS = YES_ERROR;
				CLANG_WARN_QUOTED_INCLUDE_IN_FRAMEWORK_HEADER = YES;
				CLANG_WARN_RANGE_LOOP_ANALYSIS = YES;
				CLANG_WARN_STRICT_PROTOTYPES = YES;
				CLANG_WARN_SUSPICIOUS_MOVE = YES;
				CLANG_WARN_UNGUARDED_AVAILABILITY = YES_AGGRESSIVE;
				CLANG_WARN_UNREACHABLE_CODE = YES;
				CLANG_WARN__DUPLICATE_METHOD_MATCH = YES;
				COPY_PHASE_STRIP = NO;
				DEBUG_INFORMATION_FORMAT = dwarf;
				ENABLE_STRICT_OBJC_MSGSEND = YES;
				ENABLE_TESTABILITY = YES;
				GCC_C_LANGUAGE_STANDARD = gnu11;
				GCC_DYNAMIC_NO_PIC = NO;
				GCC_NO_COMMON_BLOCKS = YES;
				GCC_OPTIMIZATION_LEVEL = 0;
				GCC_PREPROCESSOR_DEFINITIONS = (
					"DEBUG=1",
					"$(inherited)",
				);
				GCC_WARN_64_TO_32_BIT_CONVERSION = YES;
				GCC_WARN_ABOUT_RETURN_TYPE = YES_ERROR;
				GCC_WARN_UNDECLARED_SELECTOR = YES;
				GCC_WARN_UNINITIALIZED_AUTOS = YES_AGGRESSIVE;
				GCC_WARN_UNUSED_FUNCTION = YES;
				GCC_WARN_UNUSED_VARIABLE = YES;
				IPHONEOS_DEPLOYMENT_TARGET = 14.5;
				MTL_ENABLE_DEBUG_INFO = INCLUDE_SOURCE;
				MTL_FAST_MATH = YES;
				ONLY_ACTIVE_ARCH = YES;
				SDKROOT = iphoneos;
				SWIFT_ACTIVE_COMPILATION_CONDITIONS = DEBUG;
				SWIFT_OPTIMIZATION_LEVEL = "-Onone";
			};
			name = Debug;
		};
		5BC65B9626CB8FC100EB75FA /* Release */ = {
			isa = XCBuildConfiguration;
			buildSettings = {
				ALWAYS_SEARCH_USER_PATHS = NO;
				CLANG_ANALYZER_NONNULL = YES;
				CLANG_ANALYZER_NUMBER_OBJECT_CONVERSION = YES_AGGRESSIVE;
				CLANG_CXX_LANGUAGE_STANDARD = "gnu++14";
				CLANG_CXX_LIBRARY = "libc++";
				CLANG_ENABLE_MODULES = YES;
				CLANG_ENABLE_OBJC_ARC = YES;
				CLANG_ENABLE_OBJC_WEAK = YES;
				CLANG_WARN_BLOCK_CAPTURE_AUTORELEASING = YES;
				CLANG_WARN_BOOL_CONVERSION = YES;
				CLANG_WARN_COMMA = YES;
				CLANG_WARN_CONSTANT_CONVERSION = YES;
				CLANG_WARN_DEPRECATED_OBJC_IMPLEMENTATIONS = YES;
				CLANG_WARN_DIRECT_OBJC_ISA_USAGE = YES_ERROR;
				CLANG_WARN_DOCUMENTATION_COMMENTS = YES;
				CLANG_WARN_EMPTY_BODY = YES;
				CLANG_WARN_ENUM_CONVERSION = YES;
				CLANG_WARN_INFINITE_RECURSION = YES;
				CLANG_WARN_INT_CONVERSION = YES;
				CLANG_WARN_NON_LITERAL_NULL_CONVERSION = YES;
				CLANG_WARN_OBJC_IMPLICIT_RETAIN_SELF = YES;
				CLANG_WARN_OBJC_LITERAL_CONVERSION = YES;
				CLANG_WARN_OBJC_ROOT_CLASS = YES_ERROR;
				CLANG_WARN_QUOTED_INCLUDE_IN_FRAMEWORK_HEADER = YES;
				CLANG_WARN_RANGE_LOOP_ANALYSIS = YES;
				CLANG_WARN_STRICT_PROTOTYPES = YES;
				CLANG_WARN_SUSPICIOUS_MOVE = YES;
				CLANG_WARN_UNGUARDED_AVAILABILITY = YES_AGGRESSIVE;
				CLANG_WARN_UNREACHABLE_CODE = YES;
				CLANG_WARN__DUPLICATE_METHOD_MATCH = YES;
				COPY_PHASE_STRIP = NO;
				DEBUG_INFORMATION_FORMAT = "dwarf-with-dsym";
				ENABLE_NS_ASSERTIONS = NO;
				ENABLE_STRICT_OBJC_MSGSEND = YES;
				GCC_C_LANGUAGE_STANDARD = gnu11;
				GCC_NO_COMMON_BLOCKS = YES;
				GCC_WARN_64_TO_32_BIT_CONVERSION = YES;
				GCC_WARN_ABOUT_RETURN_TYPE = YES_ERROR;
				GCC_WARN_UNDECLARED_SELECTOR = YES;
				GCC_WARN_UNINITIALIZED_AUTOS = YES_AGGRESSIVE;
				GCC_WARN_UNUSED_FUNCTION = YES;
				GCC_WARN_UNUSED_VARIABLE = YES;
				IPHONEOS_DEPLOYMENT_TARGET = 14.5;
				MTL_ENABLE_DEBUG_INFO = NO;
				MTL_FAST_MATH = YES;
				SDKROOT = iphoneos;
				SWIFT_COMPILATION_MODE = wholemodule;
				SWIFT_OPTIMIZATION_LEVEL = "-O";
				VALIDATE_PRODUCT = YES;
			};
			name = Release;
		};
		5BC65B9826CB8FC100EB75FA /* Debug */ = {
			isa = XCBuildConfiguration;
			baseConfigurationReference = 6513182A1B0D2FAD2DD32576 /* Pods-ChatApplication.debug.xcconfig */;
			buildSettings = {
				ASSETCATALOG_COMPILER_APPICON_NAME = AppIcon;
				ASSETCATALOG_COMPILER_GLOBAL_ACCENT_COLOR_NAME = AccentColor;
				CODE_SIGN_STYLE = Automatic;
				INFOPLIST_FILE = ChatApplication/Info.plist;
				IPHONEOS_DEPLOYMENT_TARGET = 14.1;
				LD_RUNPATH_SEARCH_PATHS = (
					"$(inherited)",
					"@executable_path/Frameworks",
				);
				PRODUCT_BUNDLE_IDENTIFIER = com.iosTeam2021.ChatAppExercise.ChatApplication;
				PRODUCT_NAME = "$(TARGET_NAME)";
				SWIFT_VERSION = 5.0;
				TARGETED_DEVICE_FAMILY = "1,2";
			};
			name = Debug;
		};
		5BC65B9926CB8FC100EB75FA /* Release */ = {
			isa = XCBuildConfiguration;
			baseConfigurationReference = E0946661C89152A4242CDA6A /* Pods-ChatApplication.release.xcconfig */;
			buildSettings = {
				ASSETCATALOG_COMPILER_APPICON_NAME = AppIcon;
				ASSETCATALOG_COMPILER_GLOBAL_ACCENT_COLOR_NAME = AccentColor;
				CODE_SIGN_STYLE = Automatic;
				INFOPLIST_FILE = ChatApplication/Info.plist;
				IPHONEOS_DEPLOYMENT_TARGET = 14.1;
				LD_RUNPATH_SEARCH_PATHS = (
					"$(inherited)",
					"@executable_path/Frameworks",
				);
				PRODUCT_BUNDLE_IDENTIFIER = com.iosTeam2021.ChatAppExercise.ChatApplication;
				PRODUCT_NAME = "$(TARGET_NAME)";
				SWIFT_VERSION = 5.0;
				TARGETED_DEVICE_FAMILY = "1,2";
			};
			name = Release;
		};
/* End XCBuildConfiguration section */

/* Begin XCConfigurationList section */
		5BC65B7E26CB8FC000EB75FA /* Build configuration list for PBXProject "ChatApplication" */ = {
			isa = XCConfigurationList;
			buildConfigurations = (
				5BC65B9526CB8FC100EB75FA /* Debug */,
				5BC65B9626CB8FC100EB75FA /* Release */,
			);
			defaultConfigurationIsVisible = 0;
			defaultConfigurationName = Release;
		};
		5BC65B9726CB8FC100EB75FA /* Build configuration list for PBXNativeTarget "ChatApplication" */ = {
			isa = XCConfigurationList;
			buildConfigurations = (
				5BC65B9826CB8FC100EB75FA /* Debug */,
				5BC65B9926CB8FC100EB75FA /* Release */,
			);
			defaultConfigurationIsVisible = 0;
			defaultConfigurationName = Release;
		};
/* End XCConfigurationList section */
	};
	rootObject = 5BC65B7B26CB8FC000EB75FA /* Project object */;
}
